// !$*UTF8*$!
{
	archiveVersion = 1;
	classes = {
	};
	objectVersion = 46;
	objects = {

/* Begin PBXBuildFile section */
		849E94271FF9D18900094FE4 /* AppDelegate.swift in Sources */ = {isa = PBXBuildFile; fileRef = 849E94261FF9D18900094FE4 /* AppDelegate.swift */; };
		849E94291FF9D18900094FE4 /* ViewController.swift in Sources */ = {isa = PBXBuildFile; fileRef = 849E94281FF9D18900094FE4 /* ViewController.swift */; };
		849E942C1FF9D18900094FE4 /* Main.storyboard in Resources */ = {isa = PBXBuildFile; fileRef = 849E942A1FF9D18900094FE4 /* Main.storyboard */; };
		849E942E1FF9D18900094FE4 /* Assets.xcassets in Resources */ = {isa = PBXBuildFile; fileRef = 849E942D1FF9D18900094FE4 /* Assets.xcassets */; };
		849E94311FF9D18900094FE4 /* LaunchScreen.storyboard in Resources */ = {isa = PBXBuildFile; fileRef = 849E942F1FF9D18900094FE4 /* LaunchScreen.storyboard */; };
		849E943C1FF9D18A00094FE4 /* SwiftProjectTests.swift in Sources */ = {isa = PBXBuildFile; fileRef = 849E943B1FF9D18A00094FE4 /* SwiftProjectTests.swift */; };
		849E94471FF9D18A00094FE4 /* SwiftProjectUITests.swift in Sources */ = {isa = PBXBuildFile; fileRef = 849E94461FF9D18A00094FE4 /* SwiftProjectUITests.swift */; };
/* End PBXBuildFile section */

/* Begin PBXContainerItemProxy section */
		849E94381FF9D18A00094FE4 /* PBXContainerItemProxy */ = {
			isa = PBXContainerItemProxy;
			containerPortal = 849E941B1FF9D18900094FE4 /* Project object */;
			proxyType = 1;
			remoteGlobalIDString = 849E94221FF9D18900094FE4;
			remoteInfo = SwiftProject;
		};
		849E94431FF9D18A00094FE4 /* PBXContainerItemProxy */ = {
			isa = PBXContainerItemProxy;
			containerPortal = 849E941B1FF9D18900094FE4 /* Project object */;
			proxyType = 1;
			remoteGlobalIDString = 849E94221FF9D18900094FE4;
			remoteInfo = SwiftProject;
		};
/* End PBXContainerItemProxy section */

/* Begin PBXFileReference section */
		849E94231FF9D18900094FE4 /* SwiftProject.app */ = {isa = PBXFileReference; explicitFileType = wrapper.application; includeInIndex = 0; path = SwiftProject.app; sourceTree = BUILT_PRODUCTS_DIR; };
		849E94261FF9D18900094FE4 /* AppDelegate.swift */ = {isa = PBXFileReference; lastKnownFileType = sourcecode.swift; path = AppDelegate.swift; sourceTree = "<group>"; };
		849E94281FF9D18900094FE4 /* ViewController.swift */ = {isa = PBXFileReference; lastKnownFileType = sourcecode.swift; path = ViewController.swift; sourceTree = "<group>"; };
		849E942B1FF9D18900094FE4 /* Base */ = {isa = PBXFileReference; lastKnownFileType = file.storyboard; name = Base; path = Base.lproj/Main.storyboard; sourceTree = "<group>"; };
		849E942D1FF9D18900094FE4 /* Assets.xcassets */ = {isa = PBXFileReference; lastKnownFileType = folder.assetcatalog; path = Assets.xcassets; sourceTree = "<group>"; };
		849E94301FF9D18900094FE4 /* Base */ = {isa = PBXFileReference; lastKnownFileType = file.storyboard; name = Base; path = Base.lproj/LaunchScreen.storyboard; sourceTree = "<group>"; };
		849E94321FF9D18900094FE4 /* Info.plist */ = {isa = PBXFileReference; lastKnownFileType = text.plist.xml; path = Info.plist; sourceTree = "<group>"; };
		849E94371FF9D18A00094FE4 /* SwiftProjectTests.xctest */ = {isa = PBXFileReference; explicitFileType = wrapper.cfbundle; includeInIndex = 0; path = SwiftProjectTests.xctest; sourceTree = BUILT_PRODUCTS_DIR; };
		849E943B1FF9D18A00094FE4 /* SwiftProjectTests.swift */ = {isa = PBXFileReference; lastKnownFileType = sourcecode.swift; path = SwiftProjectTests.swift; sourceTree = "<group>"; };
		849E943D1FF9D18A00094FE4 /* Info.plist */ = {isa = PBXFileReference; lastKnownFileType = text.plist.xml; path = Info.plist; sourceTree = "<group>"; };
		849E94421FF9D18A00094FE4 /* SwiftProjectUITests.xctest */ = {isa = PBXFileReference; explicitFileType = wrapper.cfbundle; includeInIndex = 0; path = SwiftProjectUITests.xctest; sourceTree = BUILT_PRODUCTS_DIR; };
		849E94461FF9D18A00094FE4 /* SwiftProjectUITests.swift */ = {isa = PBXFileReference; lastKnownFileType = sourcecode.swift; path = SwiftProjectUITests.swift; sourceTree = "<group>"; };
		849E94481FF9D18A00094FE4 /* Info.plist */ = {isa = PBXFileReference; lastKnownFileType = text.plist.xml; path = Info.plist; sourceTree = "<group>"; };
/* End PBXFileReference section */

/* Begin PBXFrameworksBuildPhase section */
		849E94201FF9D18900094FE4 /* Frameworks */ = {
			isa = PBXFrameworksBuildPhase;
			buildActionMask = 2147483647;
			files = (
			);
			runOnlyForDeploymentPostprocessing = 0;
		};
		849E94341FF9D18A00094FE4 /* Frameworks */ = {
			isa = PBXFrameworksBuildPhase;
			buildActionMask = 2147483647;
			files = (
			);
			runOnlyForDeploymentPostprocessing = 0;
		};
		849E943F1FF9D18A00094FE4 /* Frameworks */ = {
			isa = PBXFrameworksBuildPhase;
			buildActionMask = 2147483647;
			files = (
			);
			runOnlyForDeploymentPostprocessing = 0;
		};
/* End PBXFrameworksBuildPhase section */

/* Begin PBXGroup section */
		849E941A1FF9D18900094FE4 = {
			isa = PBXGroup;
			children = (
				849E94251FF9D18900094FE4 /* SwiftProject */,
				849E943A1FF9D18A00094FE4 /* SwiftProjectTests */,
				849E94451FF9D18A00094FE4 /* SwiftProjectUITests */,
				849E94241FF9D18900094FE4 /* Products */,
			);
			sourceTree = "<group>";
		};
		849E94241FF9D18900094FE4 /* Products */ = {
			isa = PBXGroup;
			children = (
				849E94231FF9D18900094FE4 /* SwiftProject.app */,
				849E94371FF9D18A00094FE4 /* SwiftProjectTests.xctest */,
				849E94421FF9D18A00094FE4 /* SwiftProjectUITests.xctest */,
			);
			name = Products;
			sourceTree = "<group>";
		};
		849E94251FF9D18900094FE4 /* SwiftProject */ = {
			isa = PBXGroup;
			children = (
				849E94261FF9D18900094FE4 /* AppDelegate.swift */,
				849E94281FF9D18900094FE4 /* ViewController.swift */,
				849E942A1FF9D18900094FE4 /* Main.storyboard */,
				849E942D1FF9D18900094FE4 /* Assets.xcassets */,
				849E942F1FF9D18900094FE4 /* LaunchScreen.storyboard */,
				849E94321FF9D18900094FE4 /* Info.plist */,
			);
			path = SwiftProject;
			sourceTree = "<group>";
		};
		849E943A1FF9D18A00094FE4 /* SwiftProjectTests */ = {
			isa = PBXGroup;
			children = (
				849E943B1FF9D18A00094FE4 /* SwiftProjectTests.swift */,
				849E943D1FF9D18A00094FE4 /* Info.plist */,
			);
			path = SwiftProjectTests;
			sourceTree = "<group>";
		};
		849E94451FF9D18A00094FE4 /* SwiftProjectUITests */ = {
			isa = PBXGroup;
			children = (
				849E94461FF9D18A00094FE4 /* SwiftProjectUITests.swift */,
				849E94481FF9D18A00094FE4 /* Info.plist */,
			);
			path = SwiftProjectUITests;
			sourceTree = "<group>";
		};
/* End PBXGroup section */

/* Begin PBXNativeTarget section */
		849E94221FF9D18900094FE4 /* SwiftProject */ = {
			isa = PBXNativeTarget;
			buildConfigurationList = 849E944B1FF9D18A00094FE4 /* Build configuration list for PBXNativeTarget "SwiftProject" */;
			buildPhases = (
				849E941F1FF9D18900094FE4 /* Sources */,
				849E94201FF9D18900094FE4 /* Frameworks */,
				849E94211FF9D18900094FE4 /* Resources */,
			);
			buildRules = (
			);
			dependencies = (
			);
			name = SwiftProject;
			productName = SwiftProject;
			productReference = 849E94231FF9D18900094FE4 /* SwiftProject.app */;
			productType = "com.apple.product-type.application";
		};
		849E94361FF9D18A00094FE4 /* SwiftProjectTests */ = {
			isa = PBXNativeTarget;
			buildConfigurationList = 849E944E1FF9D18A00094FE4 /* Build configuration list for PBXNativeTarget "SwiftProjectTests" */;
			buildPhases = (
				849E94331FF9D18A00094FE4 /* Sources */,
				849E94341FF9D18A00094FE4 /* Frameworks */,
				849E94351FF9D18A00094FE4 /* Resources */,
			);
			buildRules = (
			);
			dependencies = (
				849E94391FF9D18A00094FE4 /* PBXTargetDependency */,
			);
			name = SwiftProjectTests;
			productName = SwiftProjectTests;
			productReference = 849E94371FF9D18A00094FE4 /* SwiftProjectTests.xctest */;
			productType = "com.apple.product-type.bundle.unit-test";
		};
		849E94411FF9D18A00094FE4 /* SwiftProjectUITests */ = {
			isa = PBXNativeTarget;
			buildConfigurationList = 849E94511FF9D18A00094FE4 /* Build configuration list for PBXNativeTarget "SwiftProjectUITests" */;
			buildPhases = (
				849E943E1FF9D18A00094FE4 /* Sources */,
				849E943F1FF9D18A00094FE4 /* Frameworks */,
				849E94401FF9D18A00094FE4 /* Resources */,
			);
			buildRules = (
			);
			dependencies = (
				849E94441FF9D18A00094FE4 /* PBXTargetDependency */,
			);
			name = SwiftProjectUITests;
			productName = SwiftProjectUITests;
			productReference = 849E94421FF9D18A00094FE4 /* SwiftProjectUITests.xctest */;
			productType = "com.apple.product-type.bundle.ui-testing";
		};
/* End PBXNativeTarget section */

/* Begin PBXProject section */
		849E941B1FF9D18900094FE4 /* Project object */ = {
			isa = PBXProject;
			attributes = {
				LastSwiftUpdateCheck = 0830;
				LastUpgradeCheck = 0830;
				ORGANIZATIONNAME = eman;
				TargetAttributes = {
					849E94221FF9D18900094FE4 = {
						CreatedOnToolsVersion = 8.3.2;
						ProvisioningStyle = Automatic;
					};
					849E94361FF9D18A00094FE4 = {
						CreatedOnToolsVersion = 8.3.2;
						ProvisioningStyle = Automatic;
						TestTargetID = 849E94221FF9D18900094FE4;
					};
					849E94411FF9D18A00094FE4 = {
						CreatedOnToolsVersion = 8.3.2;
						ProvisioningStyle = Automatic;
						TestTargetID = 849E94221FF9D18900094FE4;
					};
				};
			};
			buildConfigurationList = 849E941E1FF9D18900094FE4 /* Build configuration list for PBXProject "SwiftProject" */;
			compatibilityVersion = "Xcode 3.2";
			developmentRegion = English;
			hasScannedForEncodings = 0;
			knownRegions = (
				en,
				Base,
			);
			mainGroup = 849E941A1FF9D18900094FE4;
			productRefGroup = 849E94241FF9D18900094FE4 /* Products */;
			projectDirPath = "";
			projectRoot = "";
			targets = (
				849E94221FF9D18900094FE4 /* SwiftProject */,
				849E94361FF9D18A00094FE4 /* SwiftProjectTests */,
				849E94411FF9D18A00094FE4 /* SwiftProjectUITests */,
			);
		};
/* End PBXProject section */

/* Begin PBXResourcesBuildPhase section */
		849E94211FF9D18900094FE4 /* Resources */ = {
			isa = PBXResourcesBuildPhase;
			buildActionMask = 2147483647;
			files = (
				849E94311FF9D18900094FE4 /* LaunchScreen.storyboard in Resources */,
				849E942E1FF9D18900094FE4 /* Assets.xcassets in Resources */,
				849E942C1FF9D18900094FE4 /* Main.storyboard in Resources */,
			);
			runOnlyForDeploymentPostprocessing = 0;
		};
		849E94351FF9D18A00094FE4 /* Resources */ = {
			isa = PBXResourcesBuildPhase;
			buildActionMask = 2147483647;
			files = (
			);
			runOnlyForDeploymentPostprocessing = 0;
		};
		849E94401FF9D18A00094FE4 /* Resources */ = {
			isa = PBXResourcesBuildPhase;
			buildActionMask = 2147483647;
			files = (
			);
			runOnlyForDeploymentPostprocessing = 0;
		};
/* End PBXResourcesBuildPhase section */

/* Begin PBXSourcesBuildPhase section */
		849E941F1FF9D18900094FE4 /* Sources */ = {
			isa = PBXSourcesBuildPhase;
			buildActionMask = 2147483647;
			files = (
				849E94291FF9D18900094FE4 /* ViewController.swift in Sources */,
				849E94271FF9D18900094FE4 /* AppDelegate.swift in Sources */,
			);
			runOnlyForDeploymentPostprocessing = 0;
		};
		849E94331FF9D18A00094FE4 /* Sources */ = {
			isa = PBXSourcesBuildPhase;
			buildActionMask = 2147483647;
			files = (
				849E943C1FF9D18A00094FE4 /* SwiftProjectTests.swift in Sources */,
			);
			runOnlyForDeploymentPostprocessing = 0;
		};
		849E943E1FF9D18A00094FE4 /* Sources */ = {
			isa = PBXSourcesBuildPhase;
			buildActionMask = 2147483647;
			files = (
				849E94471FF9D18A00094FE4 /* SwiftProjectUITests.swift in Sources */,
			);
			runOnlyForDeploymentPostprocessing = 0;
		};
/* End PBXSourcesBuildPhase section */

/* Begin PBXTargetDependency section */
		849E94391FF9D18A00094FE4 /* PBXTargetDependency */ = {
			isa = PBXTargetDependency;
			target = 849E94221FF9D18900094FE4 /* SwiftProject */;
			targetProxy = 849E94381FF9D18A00094FE4 /* PBXContainerItemProxy */;
		};
		849E94441FF9D18A00094FE4 /* PBXTargetDependency */ = {
			isa = PBXTargetDependency;
			target = 849E94221FF9D18900094FE4 /* SwiftProject */;
			targetProxy = 849E94431FF9D18A00094FE4 /* PBXContainerItemProxy */;
		};
/* End PBXTargetDependency section */

/* Begin PBXVariantGroup section */
		849E942A1FF9D18900094FE4 /* Main.storyboard */ = {
			isa = PBXVariantGroup;
			children = (
				849E942B1FF9D18900094FE4 /* Base */,
			);
			name = Main.storyboard;
			sourceTree = "<group>";
		};
		849E942F1FF9D18900094FE4 /* LaunchScreen.storyboard */ = {
			isa = PBXVariantGroup;
			children = (
				849E94301FF9D18900094FE4 /* Base */,
			);
			name = LaunchScreen.storyboard;
			sourceTree = "<group>";
		};
/* End PBXVariantGroup section */

/* Begin XCBuildConfiguration section */
		849E94491FF9D18A00094FE4 /* Debug */ = {
			isa = XCBuildConfiguration;
			buildSettings = {
				ALWAYS_SEARCH_USER_PATHS = NO;
				CLANG_ANALYZER_NONNULL = YES;
				CLANG_ANALYZER_NUMBER_OBJECT_CONVERSION = YES_AGGRESSIVE;
				CLANG_CXX_LANGUAGE_STANDARD = "gnu++0x";
				CLANG_CXX_LIBRARY = "libc++";
				CLANG_ENABLE_MODULES = YES;
				CLANG_ENABLE_OBJC_ARC = YES;
				CLANG_WARN_BOOL_CONVERSION = YES;
				CLANG_WARN_CONSTANT_CONVERSION = YES;
				CLANG_WARN_DIRECT_OBJC_ISA_USAGE = YES_ERROR;
				CLANG_WARN_DOCUMENTATION_COMMENTS = YES;
				CLANG_WARN_EMPTY_BODY = YES;
				CLANG_WARN_ENUM_CONVERSION = YES;
				CLANG_WARN_INFINITE_RECURSION = YES;
				CLANG_WARN_INT_CONVERSION = YES;
				CLANG_WARN_OBJC_ROOT_CLASS = YES_ERROR;
				CLANG_WARN_SUSPICIOUS_MOVE = YES;
				CLANG_WARN_UNREACHABLE_CODE = YES;
				CLANG_WARN__DUPLICATE_METHOD_MATCH = YES;
				"CODE_SIGN_IDENTITY[sdk=iphoneos*]" = "iPhone Developer";
				COPY_PHASE_STRIP = NO;
				DEBUG_INFORMATION_FORMAT = dwarf;
				ENABLE_STRICT_OBJC_MSGSEND = YES;
				ENABLE_TESTABILITY = YES;
				GCC_C_LANGUAGE_STANDARD = gnu99;
				GCC_DYNAMIC_NO_PIC = NO;
				GCC_NO_COMMON_BLOCKS = YES;
				GCC_OPTIMIZATION_LEVEL = 0;
				GCC_PREPROCESSOR_DEFINITIONS = (
					"DEBUG=1",
					"$(inherited)",
				);
				GCC_WARN_64_TO_32_BIT_CONVERSION = YES;
				GCC_WARN_ABOUT_RETURN_TYPE = YES_ERROR;
				GCC_WARN_UNDECLARED_SELECTOR = YES;
				GCC_WARN_UNINITIALIZED_AUTOS = YES_AGGRESSIVE;
				GCC_WARN_UNUSED_FUNCTION = YES;
				GCC_WARN_UNUSED_VARIABLE = YES;
				IPHONEOS_DEPLOYMENT_TARGET = 10.3;
				MTL_ENABLE_DEBUG_INFO = YES;
				ONLY_ACTIVE_ARCH = YES;
				SDKROOT = iphoneos;
				SWIFT_ACTIVE_COMPILATION_CONDITIONS = DEBUG;
				SWIFT_OPTIMIZATION_LEVEL = "-Onone";
			};
			name = Debug;
		};
		849E944A1FF9D18A00094FE4 /* Release */ = {
			isa = XCBuildConfiguration;
			buildSettings = {
				ALWAYS_SEARCH_USER_PATHS = NO;
				CLANG_ANALYZER_NONNULL = YES;
				CLANG_ANALYZER_NUMBER_OBJECT_CONVERSION = YES_AGGRESSIVE;
				CLANG_CXX_LANGUAGE_STANDARD = "gnu++0x";
				CLANG_CXX_LIBRARY = "libc++";
				CLANG_ENABLE_MODULES = YES;
				CLANG_ENABLE_OBJC_ARC = YES;
				CLANG_WARN_BOOL_CONVERSION = YES;
				CLANG_WARN_CONSTANT_CONVERSION = YES;
				CLANG_WARN_DIRECT_OBJC_ISA_USAGE = YES_ERROR;
				CLANG_WARN_DOCUMENTATION_COMMENTS = YES;
				CLANG_WARN_EMPTY_BODY = YES;
				CLANG_WARN_ENUM_CONVERSION = YES;
				CLANG_WARN_INFINITE_RECURSION = YES;
				CLANG_WARN_INT_CONVERSION = YES;
				CLANG_WARN_OBJC_ROOT_CLASS = YES_ERROR;
				CLANG_WARN_SUSPICIOUS_MOVE = YES;
				CLANG_WARN_UNREACHABLE_CODE = YES;
				CLANG_WARN__DUPLICATE_METHOD_MATCH = YES;
				"CODE_SIGN_IDENTITY[sdk=iphoneos*]" = "iPhone Developer";
				COPY_PHASE_STRIP = NO;
				DEBUG_INFORMATION_FORMAT = "dwarf-with-dsym";
				ENABLE_NS_ASSERTIONS = NO;
				ENABLE_STRICT_OBJC_MSGSEND = YES;
				GCC_C_LANGUAGE_STANDARD = gnu99;
				GCC_NO_COMMON_BLOCKS = YES;
				GCC_WARN_64_TO_32_BIT_CONVERSION = YES;
				GCC_WARN_ABOUT_RETURN_TYPE = YES_ERROR;
				GCC_WARN_UNDECLARED_SELECTOR = YES;
				GCC_WARN_UNINITIALIZED_AUTOS = YES_AGGRESSIVE;
				GCC_WARN_UNUSED_FUNCTION = YES;
				GCC_WARN_UNUSED_VARIABLE = YES;
				IPHONEOS_DEPLOYMENT_TARGET = 10.3;
				MTL_ENABLE_DEBUG_INFO = NO;
				SDKROOT = iphoneos;
				SWIFT_OPTIMIZATION_LEVEL = "-Owholemodule";
				VALIDATE_PRODUCT = YES;
			};
			name = Release;
		};
		849E944C1FF9D18A00094FE4 /* Debug */ = {
			isa = XCBuildConfiguration;
			buildSettings = {
				ASSETCATALOG_COMPILER_APPICON_NAME = AppIcon;
				INFOPLIST_FILE = SwiftProject/Info.plist;
				LD_RUNPATH_SEARCH_PATHS = "$(inherited) @executable_path/Frameworks";
				PRODUCT_BUNDLE_IDENTIFIER = com.eman.SwiftProject;
				PRODUCT_NAME = "$(TARGET_NAME)";
				SWIFT_VERSION = 3.0;
			};
			name = Debug;
		};
		849E944D1FF9D18A00094FE4 /* Release */ = {
			isa = XCBuildConfiguration;
			buildSettings = {
				ASSETCATALOG_COMPILER_APPICON_NAME = AppIcon;
				INFOPLIST_FILE = SwiftProject/Info.plist;
				LD_RUNPATH_SEARCH_PATHS = "$(inherited) @executable_path/Frameworks";
				PRODUCT_BUNDLE_IDENTIFIER = com.eman.SwiftProject;
				PRODUCT_NAME = "$(TARGET_NAME)";
				SWIFT_VERSION = 3.0;
			};
			name = Release;
		};
		849E944F1FF9D18A00094FE4 /* Debug */ = {
			isa = XCBuildConfiguration;
			buildSettings = {
				ALWAYS_EMBED_SWIFT_STANDARD_LIBRARIES = YES;
				BUNDLE_LOADER = "$(TEST_HOST)";
				INFOPLIST_FILE = SwiftProjectTests/Info.plist;
				LD_RUNPATH_SEARCH_PATHS = "$(inherited) @executable_path/Frameworks @loader_path/Frameworks";
				PRODUCT_BUNDLE_IDENTIFIER = com.eman.SwiftProjectTests;
				PRODUCT_NAME = "$(TARGET_NAME)";
				SWIFT_VERSION = 3.0;
				TEST_HOST = "$(BUILT_PRODUCTS_DIR)/SwiftProject.app/SwiftProject";
			};
			name = Debug;
		};
		849E94501FF9D18A00094FE4 /* Release */ = {
			isa = XCBuildConfiguration;
			buildSettings = {
				ALWAYS_EMBED_SWIFT_STANDARD_LIBRARIES = YES;
				BUNDLE_LOADER = "$(TEST_HOST)";
				INFOPLIST_FILE = SwiftProjectTests/Info.plist;
				LD_RUNPATH_SEARCH_PATHS = "$(inherited) @executable_path/Frameworks @loader_path/Frameworks";
				PRODUCT_BUNDLE_IDENTIFIER = com.eman.SwiftProjectTests;
				PRODUCT_NAME = "$(TARGET_NAME)";
				SWIFT_VERSION = 3.0;
				TEST_HOST = "$(BUILT_PRODUCTS_DIR)/SwiftProject.app/SwiftProject";
			};
			name = Release;
		};
		849E94521FF9D18A00094FE4 /* Debug */ = {
			isa = XCBuildConfiguration;
			buildSettings = {
				ALWAYS_EMBED_SWIFT_STANDARD_LIBRARIES = YES;
				INFOPLIST_FILE = SwiftProjectUITests/Info.plist;
				LD_RUNPATH_SEARCH_PATHS = "$(inherited) @executable_path/Frameworks @loader_path/Frameworks";
				PRODUCT_BUNDLE_IDENTIFIER = com.eman.SwiftProjectUITests;
				PRODUCT_NAME = "$(TARGET_NAME)";
				SWIFT_VERSION = 3.0;
				TEST_TARGET_NAME = SwiftProject;
			};
			name = Debug;
		};
		849E94531FF9D18A00094FE4 /* Release */ = {
			isa = XCBuildConfiguration;
			buildSettings = {
				ALWAYS_EMBED_SWIFT_STANDARD_LIBRARIES = YES;
				INFOPLIST_FILE = SwiftProjectUITests/Info.plist;
				LD_RUNPATH_SEARCH_PATHS = "$(inherited) @executable_path/Frameworks @loader_path/Frameworks";
				PRODUCT_BUNDLE_IDENTIFIER = com.eman.SwiftProjectUITests;
				PRODUCT_NAME = "$(TARGET_NAME)";
				SWIFT_VERSION = 3.0;
				TEST_TARGET_NAME = SwiftProject;
			};
			name = Release;
		};
/* End XCBuildConfiguration section */

/* Begin XCConfigurationList section */
		849E941E1FF9D18900094FE4 /* Build configuration list for PBXProject "SwiftProject" */ = {
			isa = XCConfigurationList;
			buildConfigurations = (
				849E94491FF9D18A00094FE4 /* Debug */,
				849E944A1FF9D18A00094FE4 /* Release */,
			);
			defaultConfigurationIsVisible = 0;
			defaultConfigurationName = Release;
		};
		849E944B1FF9D18A00094FE4 /* Build configuration list for PBXNativeTarget "SwiftProject" */ = {
			isa = XCConfigurationList;
			buildConfigurations = (
				849E944C1FF9D18A00094FE4 /* Debug */,
				849E944D1FF9D18A00094FE4 /* Release */,
			);
			defaultConfigurationIsVisible = 0;
		};
		849E944E1FF9D18A00094FE4 /* Build configuration list for PBXNativeTarget "SwiftProjectTests" */ = {
			isa = XCConfigurationList;
			buildConfigurations = (
				849E944F1FF9D18A00094FE4 /* Debug */,
				849E94501FF9D18A00094FE4 /* Release */,
			);
			defaultConfigurationIsVisible = 0;
		};
		849E94511FF9D18A00094FE4 /* Build configuration list for PBXNativeTarget "SwiftProjectUITests" */ = {
			isa = XCConfigurationList;
			buildConfigurations = (
				849E94521FF9D18A00094FE4 /* Debug */,
				849E94531FF9D18A00094FE4 /* Release */,
			);
			defaultConfigurationIsVisible = 0;
		};
/* End XCConfigurationList section */
	};
	rootObject = 849E941B1FF9D18900094FE4 /* Project object */;
}
